
Microsoft Visual Studio Solution File, Format Version 12.00
# Visual Studio for Mac
Project("{FAE04EC0-301F-11D3-BF4B-00C04F79EFBC}") = "Assembly-CSharp", "Assembly-CSharp.csproj", "{9F67F3AE-7AB4-B772-0FEF-A98E483C931A}"
EndProject
Project("{FAE04EC0-301F-11D3-BF4B-00C04F79EFBC}") = "Assembly-CSharp-Editor", "Assembly-CSharp-Editor.csproj", "{31FDF89D-1B0F-F849-C725-FEC2E6943AE5}"
EndProject
Global
	GlobalSection(SolutionConfigurationPlatforms) = preSolution
		Debug|Any CPU = Debug|Any CPU
		Release|Any CPU = Release|Any CPU
	EndGlobalSection
	GlobalSection(ProjectConfigurationPlatforms) = postSolution
		{9F67F3AE-7AB4-B772-0FEF-A98E483C931A}.Debug|Any CPU.ActiveCfg = Debug|Any CPU
		{9F67F3AE-7AB4-B772-0FEF-A98E483C931A}.Debug|Any CPU.Build.0 = Debug|Any CPU
		{9F67F3AE-7AB4-B772-0FEF-A98E483C931A}.Release|Any CPU.ActiveCfg = Release|Any CPU
		{9F67F3AE-7AB4-B772-0FEF-A98E483C931A}.Release|Any CPU.Build.0 = Release|Any CPU
		{31FDF89D-1B0F-F849-C725-FEC2E6943AE5}.Debug|Any CPU.ActiveCfg = Debug|Any CPU
		{31FDF89D-1B0F-F849-C725-FEC2E6943AE5}.Debug|Any CPU.Build.0 = Debug|Any CPU
		{31FDF89D-1B0F-F849-C725-FEC2E6943AE5}.Release|Any CPU.ActiveCfg = Release|Any CPU
		{31FDF89D-1B0F-F849-C725-FEC2E6943AE5}.Release|Any CPU.Build.0 = Release|Any CPU
	EndGlobalSection
	GlobalSection(SolutionProperties) = preSolution
		HideSolutionNode = FALSE
	EndGlobalSection
EndGlobal
